
Microsoft Visual Studio Solution File, Format Version 12.00
# Visual Studio Version 17
VisualStudioVersion = 17.0.31912.275
MinimumVisualStudioVersion = 10.0.40219.1
Project("{FAE04EC0-301F-11D3-BF4B-00C04F79EFBC}") = "lab2Krutov", "lab2Krutov\lab2Krutov.csproj", "{57985750-8293-4D3F-AF6C-9D42511CEBC1}"
EndProject
Global
	GlobalSection(SolutionConfigurationPlatforms) = preSolution
		Debug|Any CPU = Debug|Any CPU
		Release|Any CPU = Release|Any CPU
	EndGlobalSection
	GlobalSection(ProjectConfigurationPlatforms) = postSolution
		{57985750-8293-4D3F-AF6C-9D42511CEBC1}.Debug|Any CPU.ActiveCfg = Debug|Any CPU
		{57985750-8293-4D3F-AF6C-9D42511CEBC1}.Debug|Any CPU.Build.0 = Debug|Any CPU
		{57985750-8293-4D3F-AF6C-9D42511CEBC1}.Release|Any CPU.ActiveCfg = Release|Any CPU
		{57985750-8293-4D3F-AF6C-9D42511CEBC1}.Release|Any CPU.Build.0 = Release|Any CPU
	EndGlobalSection
	GlobalSection(SolutionProperties) = preSolution
		HideSolutionNode = FALSE
	EndGlobalSection
	GlobalSection(ExtensibilityGlobals) = postSolution
		SolutionGuid = {3AB0D331-D413-461F-834B-DC25CCD1151D}
	EndGlobalSection
EndGlobal
